// !$*UTF8*$!
{
	archiveVersion = 1;
	classes = {
	};
	objectVersion = 50;
	objects = {

/* Begin PBXBuildFile section */
		328852DA25EDB0A90076E2B1 /* SlotMachineApp.swift in Sources */ = {isa = PBXBuildFile; fileRef = 328852D925EDB0A90076E2B1 /* SlotMachineApp.swift */; };
		328852DC25EDB0A90076E2B1 /* ContentView.swift in Sources */ = {isa = PBXBuildFile; fileRef = 328852DB25EDB0A90076E2B1 /* ContentView.swift */; };
		328852DE25EDB0AA0076E2B1 /* Assets.xcassets in Resources */ = {isa = PBXBuildFile; fileRef = 328852DD25EDB0AA0076E2B1 /* Assets.xcassets */; };
		328852E125EDB0AA0076E2B1 /* Preview Assets.xcassets in Resources */ = {isa = PBXBuildFile; fileRef = 328852E025EDB0AA0076E2B1 /* Preview Assets.xcassets */; };
		328852EA25EDB0C00076E2B1 /* README.md in Resources */ = {isa = PBXBuildFile; fileRef = 328852E925EDB0C00076E2B1 /* README.md */; };
		328852F525EDB3C00076E2B1 /* chimeup.mp3 in Resources */ = {isa = PBXBuildFile; fileRef = 328852ED25EDB3C00076E2B1 /* chimeup.mp3 */; };
		328852F625EDB3C00076E2B1 /* background-music.mp3 in Resources */ = {isa = PBXBuildFile; fileRef = 328852EE25EDB3C00076E2B1 /* background-music.mp3 */; };
		328852F725EDB3C00076E2B1 /* win.mp3 in Resources */ = {isa = PBXBuildFile; fileRef = 328852EF25EDB3C00076E2B1 /* win.mp3 */; };
		328852F825EDB3C00076E2B1 /* casino-chips.mp3 in Resources */ = {isa = PBXBuildFile; fileRef = 328852F025EDB3C00076E2B1 /* casino-chips.mp3 */; };
		328852F925EDB3C00076E2B1 /* game-over.mp3 in Resources */ = {isa = PBXBuildFile; fileRef = 328852F125EDB3C00076E2B1 /* game-over.mp3 */; };
		328852FA25EDB3C00076E2B1 /* spin.mp3 in Resources */ = {isa = PBXBuildFile; fileRef = 328852F225EDB3C00076E2B1 /* spin.mp3 */; };
		328852FB25EDB3C00076E2B1 /* riseup.mp3 in Resources */ = {isa = PBXBuildFile; fileRef = 328852F325EDB3C00076E2B1 /* riseup.mp3 */; };
		328852FC25EDB3C00076E2B1 /* high-score.mp3 in Resources */ = {isa = PBXBuildFile; fileRef = 328852F425EDB3C00076E2B1 /* high-score.mp3 */; };
		32B6B92F25EDB7DA00997057 /* LogoView.swift in Sources */ = {isa = PBXBuildFile; fileRef = 32B6B92E25EDB7DA00997057 /* LogoView.swift */; };
		32B6B93225EDB80300997057 /* Modifiers.swift in Sources */ = {isa = PBXBuildFile; fileRef = 32B6B93125EDB80300997057 /* Modifiers.swift */; };
		32B6B93525EDBB3800997057 /* Extensions.swift in Sources */ = {isa = PBXBuildFile; fileRef = 32B6B93425EDBB3800997057 /* Extensions.swift */; };
		32B6B93925EDBD5C00997057 /* ReelView.swift in Sources */ = {isa = PBXBuildFile; fileRef = 32B6B93825EDBD5C00997057 /* ReelView.swift */; };
/* End PBXBuildFile section */

/* Begin PBXFileReference section */
		328852D625EDB0A90076E2B1 /* SlotMachine.app */ = {isa = PBXFileReference; explicitFileType = wrapper.application; includeInIndex = 0; path = SlotMachine.app; sourceTree = BUILT_PRODUCTS_DIR; };
		328852D925EDB0A90076E2B1 /* SlotMachineApp.swift */ = {isa = PBXFileReference; lastKnownFileType = sourcecode.swift; path = SlotMachineApp.swift; sourceTree = "<group>"; };
		328852DB25EDB0A90076E2B1 /* ContentView.swift */ = {isa = PBXFileReference; lastKnownFileType = sourcecode.swift; path = ContentView.swift; sourceTree = "<group>"; };
		328852DD25EDB0AA0076E2B1 /* Assets.xcassets */ = {isa = PBXFileReference; lastKnownFileType = folder.assetcatalog; path = Assets.xcassets; sourceTree = "<group>"; };
		328852E025EDB0AA0076E2B1 /* Preview Assets.xcassets */ = {isa = PBXFileReference; lastKnownFileType = folder.assetcatalog; path = "Preview Assets.xcassets"; sourceTree = "<group>"; };
		328852E225EDB0AA0076E2B1 /* Info.plist */ = {isa = PBXFileReference; lastKnownFileType = text.plist.xml; path = Info.plist; sourceTree = "<group>"; };
		328852E925EDB0C00076E2B1 /* README.md */ = {isa = PBXFileReference; fileEncoding = 4; lastKnownFileType = net.daringfireball.markdown; path = README.md; sourceTree = "<group>"; };
		328852ED25EDB3C00076E2B1 /* chimeup.mp3 */ = {isa = PBXFileReference; lastKnownFileType = audio.mp3; path = chimeup.mp3; sourceTree = "<group>"; };
		328852EE25EDB3C00076E2B1 /* background-music.mp3 */ = {isa = PBXFileReference; lastKnownFileType = audio.mp3; path = "background-music.mp3"; sourceTree = "<group>"; };
		328852EF25EDB3C00076E2B1 /* win.mp3 */ = {isa = PBXFileReference; lastKnownFileType = audio.mp3; path = win.mp3; sourceTree = "<group>"; };
		328852F025EDB3C00076E2B1 /* casino-chips.mp3 */ = {isa = PBXFileReference; lastKnownFileType = audio.mp3; path = "casino-chips.mp3"; sourceTree = "<group>"; };
		328852F125EDB3C00076E2B1 /* game-over.mp3 */ = {isa = PBXFileReference; lastKnownFileType = audio.mp3; path = "game-over.mp3"; sourceTree = "<group>"; };
		328852F225EDB3C00076E2B1 /* spin.mp3 */ = {isa = PBXFileReference; lastKnownFileType = audio.mp3; path = spin.mp3; sourceTree = "<group>"; };
		328852F325EDB3C00076E2B1 /* riseup.mp3 */ = {isa = PBXFileReference; lastKnownFileType = audio.mp3; path = riseup.mp3; sourceTree = "<group>"; };
		328852F425EDB3C00076E2B1 /* high-score.mp3 */ = {isa = PBXFileReference; lastKnownFileType = audio.mp3; path = "high-score.mp3"; sourceTree = "<group>"; };
		32B6B92E25EDB7DA00997057 /* LogoView.swift */ = {isa = PBXFileReference; lastKnownFileType = sourcecode.swift; path = LogoView.swift; sourceTree = "<group>"; };
		32B6B93125EDB80300997057 /* Modifiers.swift */ = {isa = PBXFileReference; lastKnownFileType = sourcecode.swift; path = Modifiers.swift; sourceTree = "<group>"; };
		32B6B93425EDBB3800997057 /* Extensions.swift */ = {isa = PBXFileReference; lastKnownFileType = sourcecode.swift; path = Extensions.swift; sourceTree = "<group>"; };
		32B6B93825EDBD5C00997057 /* ReelView.swift */ = {isa = PBXFileReference; lastKnownFileType = sourcecode.swift; path = ReelView.swift; sourceTree = "<group>"; };
/* End PBXFileReference section */

/* Begin PBXFrameworksBuildPhase section */
		328852D325EDB0A90076E2B1 /* Frameworks */ = {
			isa = PBXFrameworksBuildPhase;
			buildActionMask = 2147483647;
			files = (
			);
			runOnlyForDeploymentPostprocessing = 0;
		};
/* End PBXFrameworksBuildPhase section */

/* Begin PBXGroup section */
		328852CD25EDB0A90076E2B1 = {
			isa = PBXGroup;
			children = (
				328852E925EDB0C00076E2B1 /* README.md */,
				328852D825EDB0A90076E2B1 /* SlotMachine */,
				328852D725EDB0A90076E2B1 /* Products */,
			);
			sourceTree = "<group>";
		};
		328852D725EDB0A90076E2B1 /* Products */ = {
			isa = PBXGroup;
			children = (
				328852D625EDB0A90076E2B1 /* SlotMachine.app */,
			);
			name = Products;
			sourceTree = "<group>";
		};
		328852D825EDB0A90076E2B1 /* SlotMachine */ = {
			isa = PBXGroup;
			children = (
				328852FF25EDB3ED0076E2B1 /* Views */,
				3288530125EDB4090076E2B1 /* Helpers */,
				328852FE25EDB3C90076E2B1 /* Sounds */,
				328852D925EDB0A90076E2B1 /* SlotMachineApp.swift */,
				328852DD25EDB0AA0076E2B1 /* Assets.xcassets */,
				328852E225EDB0AA0076E2B1 /* Info.plist */,
				328852DF25EDB0AA0076E2B1 /* Preview Content */,
			);
			path = SlotMachine;
			sourceTree = "<group>";
		};
		328852DF25EDB0AA0076E2B1 /* Preview Content */ = {
			isa = PBXGroup;
			children = (
				328852E025EDB0AA0076E2B1 /* Preview Assets.xcassets */,
			);
			path = "Preview Content";
			sourceTree = "<group>";
		};
		328852FE25EDB3C90076E2B1 /* Sounds */ = {
			isa = PBXGroup;
			children = (
				328852EE25EDB3C00076E2B1 /* background-music.mp3 */,
				328852F025EDB3C00076E2B1 /* casino-chips.mp3 */,
				328852ED25EDB3C00076E2B1 /* chimeup.mp3 */,
				328852F125EDB3C00076E2B1 /* game-over.mp3 */,
				328852F425EDB3C00076E2B1 /* high-score.mp3 */,
				328852F325EDB3C00076E2B1 /* riseup.mp3 */,
				328852F225EDB3C00076E2B1 /* spin.mp3 */,
				328852EF25EDB3C00076E2B1 /* win.mp3 */,
			);
			path = Sounds;
			sourceTree = "<group>";
		};
		328852FF25EDB3ED0076E2B1 /* Views */ = {
			isa = PBXGroup;
			children = (
				328852DB25EDB0A90076E2B1 /* ContentView.swift */,
				32B6B92E25EDB7DA00997057 /* LogoView.swift */,
				32B6B93825EDBD5C00997057 /* ReelView.swift */,
			);
			path = Views;
			sourceTree = "<group>";
		};
		3288530125EDB4090076E2B1 /* Helpers */ = {
			isa = PBXGroup;
			children = (
				32B6B93125EDB80300997057 /* Modifiers.swift */,
				32B6B93425EDBB3800997057 /* Extensions.swift */,
			);
			path = Helpers;
			sourceTree = "<group>";
		};
/* End PBXGroup section */

/* Begin PBXNativeTarget section */
		328852D525EDB0A90076E2B1 /* SlotMachine */ = {
			isa = PBXNativeTarget;
			buildConfigurationList = 328852E525EDB0AA0076E2B1 /* Build configuration list for PBXNativeTarget "SlotMachine" */;
			buildPhases = (
				328852D225EDB0A90076E2B1 /* Sources */,
				328852D325EDB0A90076E2B1 /* Frameworks */,
				328852D425EDB0A90076E2B1 /* Resources */,
			);
			buildRules = (
			);
			dependencies = (
			);
			name = SlotMachine;
			productName = SlotMachine;
			productReference = 328852D625EDB0A90076E2B1 /* SlotMachine.app */;
			productType = "com.apple.product-type.application";
		};
/* End PBXNativeTarget section */

/* Begin PBXProject section */
		328852CE25EDB0A90076E2B1 /* Project object */ = {
			isa = PBXProject;
			attributes = {
				LastSwiftUpdateCheck = 1240;
				LastUpgradeCheck = 1240;
				TargetAttributes = {
					328852D525EDB0A90076E2B1 = {
						CreatedOnToolsVersion = 12.4;
					};
				};
			};
			buildConfigurationList = 328852D125EDB0A90076E2B1 /* Build configuration list for PBXProject "SlotMachine" */;
			compatibilityVersion = "Xcode 9.3";
			developmentRegion = en;
			hasScannedForEncodings = 0;
			knownRegions = (
				en,
				Base,
			);
			mainGroup = 328852CD25EDB0A90076E2B1;
			productRefGroup = 328852D725EDB0A90076E2B1 /* Products */;
			projectDirPath = "";
			projectRoot = "";
			targets = (
				328852D525EDB0A90076E2B1 /* SlotMachine */,
			);
		};
/* End PBXProject section */

/* Begin PBXResourcesBuildPhase section */
		328852D425EDB0A90076E2B1 /* Resources */ = {
			isa = PBXResourcesBuildPhase;
			buildActionMask = 2147483647;
			files = (
				328852F525EDB3C00076E2B1 /* chimeup.mp3 in Resources */,
				328852EA25EDB0C00076E2B1 /* README.md in Resources */,
				328852FA25EDB3C00076E2B1 /* spin.mp3 in Resources */,
				328852F625EDB3C00076E2B1 /* background-music.mp3 in Resources */,
				328852F825EDB3C00076E2B1 /* casino-chips.mp3 in Resources */,
				328852F725EDB3C00076E2B1 /* win.mp3 in Resources */,
				328852E125EDB0AA0076E2B1 /* Preview Assets.xcassets in Resources */,
				328852F925EDB3C00076E2B1 /* game-over.mp3 in Resources */,
				328852FB25EDB3C00076E2B1 /* riseup.mp3 in Resources */,
				328852FC25EDB3C00076E2B1 /* high-score.mp3 in Resources */,
				328852DE25EDB0AA0076E2B1 /* Assets.xcassets in Resources */,
			);
			runOnlyForDeploymentPostprocessing = 0;
		};
/* End PBXResourcesBuildPhase section */

/* Begin PBXSourcesBuildPhase section */
		328852D225EDB0A90076E2B1 /* Sources */ = {
			isa = PBXSourcesBuildPhase;
			buildActionMask = 2147483647;
			files = (
				32B6B93925EDBD5C00997057 /* ReelView.swift in Sources */,
				32B6B93525EDBB3800997057 /* Extensions.swift in Sources */,
				32B6B92F25EDB7DA00997057 /* LogoView.swift in Sources */,
				328852DC25EDB0A90076E2B1 /* ContentView.swift in Sources */,
				328852DA25EDB0A90076E2B1 /* SlotMachineApp.swift in Sources */,
				32B6B93225EDB80300997057 /* Modifiers.swift in Sources */,
			);
			runOnlyForDeploymentPostprocessing = 0;
		};
/* End PBXSourcesBuildPhase section */

/* Begin XCBuildConfiguration section */
		328852E325EDB0AA0076E2B1 /* Debug */ = {
			isa = XCBuildConfiguration;
			buildSettings = {
				ALWAYS_SEARCH_USER_PATHS = NO;
				CLANG_ANALYZER_NONNULL = YES;
				CLANG_ANALYZER_NUMBER_OBJECT_CONVERSION = YES_AGGRESSIVE;
				CLANG_CXX_LANGUAGE_STANDARD = "gnu++14";
				CLANG_CXX_LIBRARY = "libc++";
				CLANG_ENABLE_MODULES = YES;
				CLANG_ENABLE_OBJC_ARC = YES;
				CLANG_ENABLE_OBJC_WEAK = YES;
				CLANG_WARN_BLOCK_CAPTURE_AUTORELEASING = YES;
				CLANG_WARN_BOOL_CONVERSION = YES;
				CLANG_WARN_COMMA = YES;
				CLANG_WARN_CONSTANT_CONVERSION = YES;
				CLANG_WARN_DEPRECATED_OBJC_IMPLEMENTATIONS = YES;
				CLANG_WARN_DIRECT_OBJC_ISA_USAGE = YES_ERROR;
				CLANG_WARN_DOCUMENTATION_COMMENTS = YES;
				CLANG_WARN_EMPTY_BODY = YES;
				CLANG_WARN_ENUM_CONVERSION = YES;
				CLANG_WARN_INFINITE_RECURSION = YES;
				CLANG_WARN_INT_CONVERSION = YES;
				CLANG_WARN_NON_LITERAL_NULL_CONVERSION = YES;
				CLANG_WARN_OBJC_IMPLICIT_RETAIN_SELF = YES;
				CLANG_WARN_OBJC_LITERAL_CONVERSION = YES;
				CLANG_WARN_OBJC_ROOT_CLASS = YES_ERROR;
				CLANG_WARN_QUOTED_INCLUDE_IN_FRAMEWORK_HEADER = YES;
				CLANG_WARN_RANGE_LOOP_ANALYSIS = YES;
				CLANG_WARN_STRICT_PROTOTYPES = YES;
				CLANG_WARN_SUSPICIOUS_MOVE = YES;
				CLANG_WARN_UNGUARDED_AVAILABILITY = YES_AGGRESSIVE;
				CLANG_WARN_UNREACHABLE_CODE = YES;
				CLANG_WARN__DUPLICATE_METHOD_MATCH = YES;
				COPY_PHASE_STRIP = NO;
				DEBUG_INFORMATION_FORMAT = dwarf;
				ENABLE_STRICT_OBJC_MSGSEND = YES;
				ENABLE_TESTABILITY = YES;
				GCC_C_LANGUAGE_STANDARD = gnu11;
				GCC_DYNAMIC_NO_PIC = NO;
				GCC_NO_COMMON_BLOCKS = YES;
				GCC_OPTIMIZATION_LEVEL = 0;
				GCC_PREPROCESSOR_DEFINITIONS = (
					"DEBUG=1",
					"$(inherited)",
				);
				GCC_WARN_64_TO_32_BIT_CONVERSION = YES;
				GCC_WARN_ABOUT_RETURN_TYPE = YES_ERROR;
				GCC_WARN_UNDECLARED_SELECTOR = YES;
				GCC_WARN_UNINITIALIZED_AUTOS = YES_AGGRESSIVE;
				GCC_WARN_UNUSED_FUNCTION = YES;
				GCC_WARN_UNUSED_VARIABLE = YES;
				IPHONEOS_DEPLOYMENT_TARGET = 14.4;
				MTL_ENABLE_DEBUG_INFO = INCLUDE_SOURCE;
				MTL_FAST_MATH = YES;
				ONLY_ACTIVE_ARCH = YES;
				SDKROOT = iphoneos;
				SWIFT_ACTIVE_COMPILATION_CONDITIONS = DEBUG;
				SWIFT_OPTIMIZATION_LEVEL = "-Onone";
			};
			name = Debug;
		};
		328852E425EDB0AA0076E2B1 /* Release */ = {
			isa = XCBuildConfiguration;
			buildSettings = {
				ALWAYS_SEARCH_USER_PATHS = NO;
				CLANG_ANALYZER_NONNULL = YES;
				CLANG_ANALYZER_NUMBER_OBJECT_CONVERSION = YES_AGGRESSIVE;
				CLANG_CXX_LANGUAGE_STANDARD = "gnu++14";
				CLANG_CXX_LIBRARY = "libc++";
				CLANG_ENABLE_MODULES = YES;
				CLANG_ENABLE_OBJC_ARC = YES;
				CLANG_ENABLE_OBJC_WEAK = YES;
				CLANG_WARN_BLOCK_CAPTURE_AUTORELEASING = YES;
				CLANG_WARN_BOOL_CONVERSION = YES;
				CLANG_WARN_COMMA = YES;
				CLANG_WARN_CONSTANT_CONVERSION = YES;
				CLANG_WARN_DEPRECATED_OBJC_IMPLEMENTATIONS = YES;
				CLANG_WARN_DIRECT_OBJC_ISA_USAGE = YES_ERROR;
				CLANG_WARN_DOCUMENTATION_COMMENTS = YES;
				CLANG_WARN_EMPTY_BODY = YES;
				CLANG_WARN_ENUM_CONVERSION = YES;
				CLANG_WARN_INFINITE_RECURSION = YES;
				CLANG_WARN_INT_CONVERSION = YES;
				CLANG_WARN_NON_LITERAL_NULL_CONVERSION = YES;
				CLANG_WARN_OBJC_IMPLICIT_RETAIN_SELF = YES;
				CLANG_WARN_OBJC_LITERAL_CONVERSION = YES;
				CLANG_WARN_OBJC_ROOT_CLASS = YES_ERROR;
				CLANG_WARN_QUOTED_INCLUDE_IN_FRAMEWORK_HEADER = YES;
				CLANG_WARN_RANGE_LOOP_ANALYSIS = YES;
				CLANG_WARN_STRICT_PROTOTYPES = YES;
				CLANG_WARN_SUSPICIOUS_MOVE = YES;
				CLANG_WARN_UNGUARDED_AVAILABILITY = YES_AGGRESSIVE;
				CLANG_WARN_UNREACHABLE_CODE = YES;
				CLANG_WARN__DUPLICATE_METHOD_MATCH = YES;
				COPY_PHASE_STRIP = NO;
				DEBUG_INFORMATION_FORMAT = "dwarf-with-dsym";
				ENABLE_NS_ASSERTIONS = NO;
				ENABLE_STRICT_OBJC_MSGSEND = YES;
				GCC_C_LANGUAGE_STANDARD = gnu11;
				GCC_NO_COMMON_BLOCKS = YES;
				GCC_WARN_64_TO_32_BIT_CONVERSION = YES;
				GCC_WARN_ABOUT_RETURN_TYPE = YES_ERROR;
				GCC_WARN_UNDECLARED_SELECTOR = YES;
				GCC_WARN_UNINITIALIZED_AUTOS = YES_AGGRESSIVE;
				GCC_WARN_UNUSED_FUNCTION = YES;
				GCC_WARN_UNUSED_VARIABLE = YES;
				IPHONEOS_DEPLOYMENT_TARGET = 14.4;
				MTL_ENABLE_DEBUG_INFO = NO;
				MTL_FAST_MATH = YES;
				SDKROOT = iphoneos;
				SWIFT_COMPILATION_MODE = wholemodule;
				SWIFT_OPTIMIZATION_LEVEL = "-O";
				VALIDATE_PRODUCT = YES;
			};
			name = Release;
		};
		328852E625EDB0AA0076E2B1 /* Debug */ = {
			isa = XCBuildConfiguration;
			buildSettings = {
				ASSETCATALOG_COMPILER_APPICON_NAME = AppIcon;
				ASSETCATALOG_COMPILER_GLOBAL_ACCENT_COLOR_NAME = AccentColor;
				CODE_SIGN_STYLE = Automatic;
				DEVELOPMENT_ASSET_PATHS = "\"SlotMachine/Preview Content\"";
				DEVELOPMENT_TEAM = TZ5YSJH8XE;
				ENABLE_PREVIEWS = YES;
				INFOPLIST_FILE = SlotMachine/Info.plist;
				IPHONEOS_DEPLOYMENT_TARGET = 14.0;
				LD_RUNPATH_SEARCH_PATHS = (
					"$(inherited)",
					"@executable_path/Frameworks",
				);
				PRODUCT_BUNDLE_IDENTIFIER = com.VictorPuga.SlotMachine;
				PRODUCT_NAME = "$(TARGET_NAME)";
				SWIFT_VERSION = 5.0;
				TARGETED_DEVICE_FAMILY = "1,2";
			};
			name = Debug;
		};
		328852E725EDB0AA0076E2B1 /* Release */ = {
			isa = XCBuildConfiguration;
			buildSettings = {
				ASSETCATALOG_COMPILER_APPICON_NAME = AppIcon;
				ASSETCATALOG_COMPILER_GLOBAL_ACCENT_COLOR_NAME = AccentColor;
				CODE_SIGN_STYLE = Automatic;
				DEVELOPMENT_ASSET_PATHS = "\"SlotMachine/Preview Content\"";
				DEVELOPMENT_TEAM = TZ5YSJH8XE;
				ENABLE_PREVIEWS = YES;
				INFOPLIST_FILE = SlotMachine/Info.plist;
				IPHONEOS_DEPLOYMENT_TARGET = 14.0;
				LD_RUNPATH_SEARCH_PATHS = (
					"$(inherited)",
					"@executable_path/Frameworks",
				);
				PRODUCT_BUNDLE_IDENTIFIER = com.VictorPuga.SlotMachine;
				PRODUCT_NAME = "$(TARGET_NAME)";
				SWIFT_VERSION = 5.0;
				TARGETED_DEVICE_FAMILY = "1,2";
			};
			name = Release;
		};
/* End XCBuildConfiguration section */

/* Begin XCConfigurationList section */
		328852D125EDB0A90076E2B1 /* Build configuration list for PBXProject "SlotMachine" */ = {
			isa = XCConfigurationList;
			buildConfigurations = (
				328852E325EDB0AA0076E2B1 /* Debug */,
				328852E425EDB0AA0076E2B1 /* Release */,
			);
			defaultConfigurationIsVisible = 0;
			defaultConfigurationName = Release;
		};
		328852E525EDB0AA0076E2B1 /* Build configuration list for PBXNativeTarget "SlotMachine" */ = {
			isa = XCConfigurationList;
			buildConfigurations = (
				328852E625EDB0AA0076E2B1 /* Debug */,
				328852E725EDB0AA0076E2B1 /* Release */,
			);
			defaultConfigurationIsVisible = 0;
			defaultConfigurationName = Release;
		};
/* End XCConfigurationList section */
	};
	rootObject = 328852CE25EDB0A90076E2B1 /* Project object */;
}
